
Microsoft Visual Studio Solution File, Format Version 12.00
# Visual Studio Version 17
VisualStudioVersion = 17.0.31903.59
MinimumVisualStudioVersion = 10.0.40219.1
Project("{FAE04EC0-301F-11D3-BF4B-00C04F79EFBC}") = "WeatherForecast.Application", "WeatherForecast.Application.csproj", "{9AD1D862-BC74-436E-A68B-E905E70481FE}"
EndProject
Global
	GlobalSection(SolutionConfigurationPlatforms) = preSolution
		Debug|Any CPU = Debug|Any CPU
		Release|Any CPU = Release|Any CPU
	EndGlobalSection
	GlobalSection(ProjectConfigurationPlatforms) = postSolution
		{9AD1D862-BC74-436E-A68B-E905E70481FE}.Debug|Any CPU.ActiveCfg = Debug|Any CPU
		{9AD1D862-BC74-436E-A68B-E905E70481FE}.Debug|Any CPU.Build.0 = Debug|Any CPU
		{9AD1D862-BC74-436E-A68B-E905E70481FE}.Release|Any CPU.ActiveCfg = Release|Any CPU
		{9AD1D862-BC74-436E-A68B-E905E70481FE}.Release|Any CPU.Build.0 = Release|Any CPU
	EndGlobalSection
	GlobalSection(SolutionProperties) = preSolution
		HideSolutionNode = FALSE
	EndGlobalSection
	GlobalSection(ExtensibilityGlobals) = postSolution
		SolutionGuid = {E96E47E6-85B0-4F17-99D8-A25E6A3AD527}
	EndGlobalSection
EndGlobal
